// !$*UTF8*$!
{
	archiveVersion = 1;
	classes = {
	};
	objectVersion = 77;
	objects = {

/* Begin PBXContainerItemProxy section */
		6D7158572F61D8F70062636B /* PBXContainerItemProxy */ = {
			isa = PBXContainerItemProxy;
			containerPortal = 6D71583F2F61D8F50062636B /* Project object */;
			proxyType = 1;
			remoteGlobalIDString = 6D7158462F61D8F50062636B;
			remoteInfo = SwiftwithSwiftUI;
		};
		6D7158612F61D8F70062636B /* PBXContainerItemProxy */ = {
			isa = PBXContainerItemProxy;
			containerPortal = 6D71583F2F61D8F50062636B /* Project object */;
			proxyType = 1;
			remoteGlobalIDString = 6D7158462F61D8F50062636B;
			remoteInfo = SwiftwithSwiftUI;
		};
/* End PBXContainerItemProxy section */

/* Begin PBXFileReference section */
		6D7158472F61D8F50062636B /* SwiftwithSwiftUI.app */ = {isa = PBXFileReference; explicitFileType = wrapper.application; includeInIndex = 0; path = SwiftwithSwiftUI.app; sourceTree = BUILT_PRODUCTS_DIR; };
		6D7158562F61D8F70062636B /* SwiftwithSwiftUITests.xctest */ = {isa = PBXFileReference; explicitFileType = wrapper.cfbundle; includeInIndex = 0; path = SwiftwithSwiftUITests.xctest; sourceTree = BUILT_PRODUCTS_DIR; };
		6D7158602F61D8F70062636B /* SwiftwithSwiftUIUITests.xctest */ = {isa = PBXFileReference; explicitFileType = wrapper.cfbundle; includeInIndex = 0; path = SwiftwithSwiftUIUITests.xctest; sourceTree = BUILT_PRODUCTS_DIR; };
/* End PBXFileReference section */

/* Begin PBXFileSystemSynchronizedRootGroup section */
		6D7158492F61D8F50062636B /* SwiftwithSwiftUI */ = {
			isa = PBXFileSystemSynchronizedRootGroup;
			path = SwiftwithSwiftUI;
			sourceTree = "<group>";
		};
		6D7158592F61D8F70062636B /* SwiftwithSwiftUITests */ = {
			isa = PBXFileSystemSynchronizedRootGroup;
			path = SwiftwithSwiftUITests;
			sourceTree = "<group>";
		};
		6D7158632F61D8F70062636B /* SwiftwithSwiftUIUITests */ = {
			isa = PBXFileSystemSynchronizedRootGroup;
			path = SwiftwithSwiftUIUITests;
			sourceTree = "<group>";
		};
/* End PBXFileSystemSynchronizedRootGroup section */

/* Begin PBXFrameworksBuildPhase section */
		6D7158442F61D8F50062636B /* Frameworks */ = {
			isa = PBXFrameworksBuildPhase;
			buildActionMask = 2147483647;
			files = (
			);
			runOnlyForDeploymentPostprocessing = 0;
		};
		6D7158532F61D8F70062636B /* Frameworks */ = {
			isa = PBXFrameworksBuildPhase;
			buildActionMask = 2147483647;
			files = (
			);
			runOnlyForDeploymentPostprocessing = 0;
		};
		6D71585D2F61D8F70062636B /* Frameworks */ = {
			isa = PBXFrameworksBuildPhase;
			buildActionMask = 2147483647;
			files = (
			);
			runOnlyForDeploymentPostprocessing = 0;
		};
/* End PBXFrameworksBuildPhase section */

/* Begin PBXGroup section */
		6D71583E2F61D8F50062636B = {
			isa = PBXGroup;
			children = (
				6D7158492F61D8F50062636B /* SwiftwithSwiftUI */,
				6D7158592F61D8F70062636B /* SwiftwithSwiftUITests */,
				6D7158632F61D8F70062636B /* SwiftwithSwiftUIUITests */,
				6D7158482F61D8F50062636B /* Products */,
			);
			sourceTree = "<group>";
		};
		6D7158482F61D8F50062636B /* Products */ = {
			isa = PBXGroup;
			children = (
				6D7158472F61D8F50062636B /* SwiftwithSwiftUI.app */,
				6D7158562F61D8F70062636B /* SwiftwithSwiftUITests.xctest */,
				6D7158602F61D8F70062636B /* SwiftwithSwiftUIUITests.xctest */,
			);
			name = Products;
			sourceTree = "<group>";
		};
/* End PBXGroup section */

/* Begin PBXNativeTarget section */
		6D7158462F61D8F50062636B /* SwiftwithSwiftUI */ = {
			isa = PBXNativeTarget;
			buildConfigurationList = 6D71586A2F61D8F70062636B /* Build configuration list for PBXNativeTarget "SwiftwithSwiftUI" */;
			buildPhases = (
				6D7158432F61D8F50062636B /* Sources */,
				6D7158442F61D8F50062636B /* Frameworks */,
				6D7158452F61D8F50062636B /* Resources */,
			);
			buildRules = (
			);
			dependencies = (
			);
			fileSystemSynchronizedGroups = (
				6D7158492F61D8F50062636B /* SwiftwithSwiftUI */,
			);
			name = SwiftwithSwiftUI;
			packageProductDependencies = (
			);
			productName = SwiftwithSwiftUI;
			productReference = 6D7158472F61D8F50062636B /* SwiftwithSwiftUI.app */;
			productType = "com.apple.product-type.application";
		};
		6D7158552F61D8F70062636B /* SwiftwithSwiftUITests */ = {
			isa = PBXNativeTarget;
			buildConfigurationList = 6D71586D2F61D8F70062636B /* Build configuration list for PBXNativeTarget "SwiftwithSwiftUITests" */;
			buildPhases = (
				6D7158522F61D8F70062636B /* Sources */,
				6D7158532F61D8F70062636B /* Frameworks */,
				6D7158542F61D8F70062636B /* Resources */,
			);
			buildRules = (
			);
			dependencies = (
				6D7158582F61D8F70062636B /* PBXTargetDependency */,
			);
			fileSystemSynchronizedGroups = (
				6D7158592F61D8F70062636B /* SwiftwithSwiftUITests */,
			);
			name = SwiftwithSwiftUITests;
			packageProductDependencies = (
			);
			productName = SwiftwithSwiftUITests;
			productReference = 6D7158562F61D8F70062636B /* SwiftwithSwiftUITests.xctest */;
			productType = "com.apple.product-type.bundle.unit-test";
		};
		6D71585F2F61D8F70062636B /* SwiftwithSwiftUIUITests */ = {
			isa = PBXNativeTarget;
			buildConfigurationList = 6D7158702F61D8F70062636B /* Build configuration list for PBXNativeTarget "SwiftwithSwiftUIUITests" */;
			buildPhases = (
				6D71585C2F61D8F70062636B /* Sources */,
				6D71585D2F61D8F70062636B /* Frameworks */,
				6D71585E2F61D8F70062636B /* Resources */,
			);
			buildRules = (
			);
			dependencies = (
				6D7158622F61D8F70062636B /* PBXTargetDependency */,
			);
			fileSystemSynchronizedGroups = (
				6D7158632F61D8F70062636B /* SwiftwithSwiftUIUITests */,
			);
			name = SwiftwithSwiftUIUITests;
			packageProductDependencies = (
			);
			productName = SwiftwithSwiftUIUITests;
			productReference = 6D7158602F61D8F70062636B /* SwiftwithSwiftUIUITests.xctest */;
			productType = "com.apple.product-type.bundle.ui-testing";
		};
/* End PBXNativeTarget section */

/* Begin PBXProject section */
		6D71583F2F61D8F50062636B /* Project object */ = {
			isa = PBXProject;
			attributes = {
				BuildIndependentTargetsInParallel = 1;
				LastSwiftUpdateCheck = 1640;
				LastUpgradeCheck = 1640;
				TargetAttributes = {
					6D7158462F61D8F50062636B = {
						CreatedOnToolsVersion = 16.4;
					};
					6D7158552F61D8F70062636B = {
						CreatedOnToolsVersion = 16.4;
						TestTargetID = 6D7158462F61D8F50062636B;
					};
					6D71585F2F61D8F70062636B = {
						CreatedOnToolsVersion = 16.4;
						TestTargetID = 6D7158462F61D8F50062636B;
					};
				};
			};
			buildConfigurationList = 6D7158422F61D8F50062636B /* Build configuration list for PBXProject "SwiftwithSwiftUI" */;
			developmentRegion = en;
			hasScannedForEncodings = 0;
			knownRegions = (
				en,
				Base,
			);
			mainGroup = 6D71583E2F61D8F50062636B;
			minimizedProjectReferenceProxies = 1;
			preferredProjectObjectVersion = 77;
			productRefGroup = 6D7158482F61D8F50062636B /* Products */;
			projectDirPath = "";
			projectRoot = "";
			targets = (
				6D7158462F61D8F50062636B /* SwiftwithSwiftUI */,
				6D7158552F61D8F70062636B /* SwiftwithSwiftUITests */,
				6D71585F2F61D8F70062636B /* SwiftwithSwiftUIUITests */,
			);
		};
/* End PBXProject section */

/* Begin PBXResourcesBuildPhase section */
		6D7158452F61D8F50062636B /* Resources */ = {
			isa = PBXResourcesBuildPhase;
			buildActionMask = 2147483647;
			files = (
			);
			runOnlyForDeploymentPostprocessing = 0;
		};
		6D7158542F61D8F70062636B /* Resources */ = {
			isa = PBXResourcesBuildPhase;
			buildActionMask = 2147483647;
			files = (
			);
			runOnlyForDeploymentPostprocessing = 0;
		};
		6D71585E2F61D8F70062636B /* Resources */ = {
			isa = PBXResourcesBuildPhase;
			buildActionMask = 2147483647;
			files = (
			);
			runOnlyForDeploymentPostprocessing = 0;
		};
/* End PBXResourcesBuildPhase section */

/* Begin PBXSourcesBuildPhase section */
		6D7158432F61D8F50062636B /* Sources */ = {
			isa = PBXSourcesBuildPhase;
			buildActionMask = 2147483647;
			files = (
			);
			runOnlyForDeploymentPostprocessing = 0;
		};
		6D7158522F61D8F70062636B /* Sources */ = {
			isa = PBXSourcesBuildPhase;
			buildActionMask = 2147483647;
			files = (
			);
			runOnlyForDeploymentPostprocessing = 0;
		};
		6D71585C2F61D8F70062636B /* Sources */ = {
			isa = PBXSourcesBuildPhase;
			buildActionMask = 2147483647;
			files = (
			);
			runOnlyForDeploymentPostprocessing = 0;
		};
/* End PBXSourcesBuildPhase section */

/* Begin PBXTargetDependency section */
		6D7158582F61D8F70062636B /* PBXTargetDependency */ = {
			isa = PBXTargetDependency;
			target = 6D7158462F61D8F50062636B /* SwiftwithSwiftUI */;
			targetProxy = 6D7158572F61D8F70062636B /* PBXContainerItemProxy */;
		};
		6D7158622F61D8F70062636B /* PBXTargetDependency */ = {
			isa = PBXTargetDependency;
			target = 6D7158462F61D8F50062636B /* SwiftwithSwiftUI */;
			targetProxy = 6D7158612F61D8F70062636B /* PBXContainerItemProxy */;
		};
/* End PBXTargetDependency section */

/* Begin XCBuildConfiguration section */
		6D7158682F61D8F70062636B /* Debug */ = {
			isa = XCBuildConfiguration;
			buildSettings = {
				ALWAYS_SEARCH_USER_PATHS = NO;
				ASSETCATALOG_COMPILER_GENERATE_SWIFT_ASSET_SYMBOL_EXTENSIONS = YES;
				CLANG_ANALYZER_NONNULL = YES;
				CLANG_ANALYZER_NUMBER_OBJECT_CONVERSION = YES_AGGRESSIVE;
				CLANG_CXX_LANGUAGE_STANDARD = "gnu++20";
				CLANG_ENABLE_MODULES = YES;
				CLANG_ENABLE_OBJC_ARC = YES;
				CLANG_ENABLE_OBJC_WEAK = YES;
				CLANG_WARN_BLOCK_CAPTURE_AUTORELEASING = YES;
				CLANG_WARN_BOOL_CONVERSION = YES;
				CLANG_WARN_COMMA = YES;
				CLANG_WARN_CONSTANT_CONVERSION = YES;
				CLANG_WARN_DEPRECATED_OBJC_IMPLEMENTATIONS = YES;
				CLANG_WARN_DIRECT_OBJC_ISA_USAGE = YES_ERROR;
				CLANG_WARN_DOCUMENTATION_COMMENTS = YES;
				CLANG_WARN_EMPTY_BODY = YES;
				CLANG_WARN_ENUM_CONVERSION = YES;
				CLANG_WARN_INFINITE_RECURSION = YES;
				CLANG_WARN_INT_CONVERSION = YES;
				CLANG_WARN_NON_LITERAL_NULL_CONVERSION = YES;
				CLANG_WARN_OBJC_IMPLICIT_RETAIN_SELF = YES;
				CLANG_WARN_OBJC_LITERAL_CONVERSION = YES;
				CLANG_WARN_OBJC_ROOT_CLASS = YES_ERROR;
				CLANG_WARN_QUOTED_INCLUDE_IN_FRAMEWORK_HEADER = YES;
				CLANG_WARN_RANGE_LOOP_ANALYSIS = YES;
				CLANG_WARN_STRICT_PROTOTYPES = YES;
				CLANG_WARN_SUSPICIOUS_MOVE = YES;
				CLANG_WARN_UNGUARDED_AVAILABILITY = YES_AGGRESSIVE;
				CLANG_WARN_UNREACHABLE_CODE = YES;
				CLANG_WARN__DUPLICATE_METHOD_MATCH = YES;
				COPY_PHASE_STRIP = NO;
				DEBUG_INFORMATION_FORMAT = dwarf;
				ENABLE_STRICT_OBJC_MSGSEND = YES;
				ENABLE_TESTABILITY = YES;
				ENABLE_USER_SCRIPT_SANDBOXING = YES;
				GCC_C_LANGUAGE_STANDARD = gnu17;
				GCC_DYNAMIC_NO_PIC = NO;
				GCC_NO_COMMON_BLOCKS = YES;
				GCC_OPTIMIZATION_LEVEL = 0;
				GCC_PREPROCESSOR_DEFINITIONS = (
					"DEBUG=1",
					"$(inherited)",
				);
				GCC_WARN_64_TO_32_BIT_CONVERSION = YES;
				GCC_WARN_ABOUT_RETURN_TYPE = YES_ERROR;
				GCC_WARN_UNDECLARED_SELECTOR = YES;
				GCC_WARN_UNINITIALIZED_AUTOS = YES_AGGRESSIVE;
				GCC_WARN_UNUSED_FUNCTION = YES;
				GCC_WARN_UNUSED_VARIABLE = YES;
				IPHONEOS_DEPLOYMENT_TARGET = 18.5;
				LOCALIZATION_PREFERS_STRING_CATALOGS = YES;
				MTL_ENABLE_DEBUG_INFO = INCLUDE_SOURCE;
				MTL_FAST_MATH = YES;
				ONLY_ACTIVE_ARCH = YES;
				SDKROOT = iphoneos;
				SWIFT_ACTIVE_COMPILATION_CONDITIONS = "DEBUG $(inherited)";
				SWIFT_OPTIMIZATION_LEVEL = "-Onone";
			};
			name = Debug;
		};
		6D7158692F61D8F70062636B /* Release */ = {
			isa = XCBuildConfiguration;
			buildSettings = {
				ALWAYS_SEARCH_USER_PATHS = NO;
				ASSETCATALOG_COMPILER_GENERATE_SWIFT_ASSET_SYMBOL_EXTENSIONS = YES;
				CLANG_ANALYZER_NONNULL = YES;
				CLANG_ANALYZER_NUMBER_OBJECT_CONVERSION = YES_AGGRESSIVE;
				CLANG_CXX_LANGUAGE_STANDARD = "gnu++20";
				CLANG_ENABLE_MODULES = YES;
				CLANG_ENABLE_OBJC_ARC = YES;
				CLANG_ENABLE_OBJC_WEAK = YES;
				CLANG_WARN_BLOCK_CAPTURE_AUTORELEASING = YES;
				CLANG_WARN_BOOL_CONVERSION = YES;
				CLANG_WARN_COMMA = YES;
				CLANG_WARN_CONSTANT_CONVERSION = YES;
				CLANG_WARN_DEPRECATED_OBJC_IMPLEMENTATIONS = YES;
				CLANG_WARN_DIRECT_OBJC_ISA_USAGE = YES_ERROR;
				CLANG_WARN_DOCUMENTATION_COMMENTS = YES;
				CLANG_WARN_EMPTY_BODY = YES;
				CLANG_WARN_ENUM_CONVERSION = YES;
				CLANG_WARN_INFINITE_RECURSION = YES;
				CLANG_WARN_INT_CONVERSION = YES;
				CLANG_WARN_NON_LITERAL_NULL_CONVERSION = YES;
				CLANG_WARN_OBJC_IMPLICIT_RETAIN_SELF = YES;
				CLANG_WARN_OBJC_LITERAL_CONVERSION = YES;
				CLANG_WARN_OBJC_ROOT_CLASS = YES_ERROR;
				CLANG_WARN_QUOTED_INCLUDE_IN_FRAMEWORK_HEADER = YES;
				CLANG_WARN_RANGE_LOOP_ANALYSIS = YES;
				CLANG_WARN_STRICT_PROTOTYPES = YES;
				CLANG_WARN_SUSPICIOUS_MOVE = YES;
				CLANG_WARN_UNGUARDED_AVAILABILITY = YES_AGGRESSIVE;
				CLANG_WARN_UNREACHABLE_CODE = YES;
				CLANG_WARN__DUPLICATE_METHOD_MATCH = YES;
				COPY_PHASE_STRIP = NO;
				DEBUG_INFORMATION_FORMAT = "dwarf-with-dsym";
				ENABLE_NS_ASSERTIONS = NO;
				ENABLE_STRICT_OBJC_MSGSEND = YES;
				ENABLE_USER_SCRIPT_SANDBOXING = YES;
				GCC_C_LANGUAGE_STANDARD = gnu17;
				GCC_NO_COMMON_BLOCKS = YES;
				GCC_WARN_64_TO_32_BIT_CONVERSION = YES;
				GCC_WARN_ABOUT_RETURN_TYPE = YES_ERROR;
				GCC_WARN_UNDECLARED_SELECTOR = YES;
				GCC_WARN_UNINITIALIZED_AUTOS = YES_AGGRESSIVE;
				GCC_WARN_UNUSED_FUNCTION = YES;
				GCC_WARN_UNUSED_VARIABLE = YES;
				IPHONEOS_DEPLOYMENT_TARGET = 18.5;
				LOCALIZATION_PREFERS_STRING_CATALOGS = YES;
				MTL_ENABLE_DEBUG_INFO = NO;
				MTL_FAST_MATH = YES;
				SDKROOT = iphoneos;
				SWIFT_COMPILATION_MODE = wholemodule;
				VALIDATE_PRODUCT = YES;
			};
			name = Release;
		};
		6D71586B2F61D8F70062636B /* Debug */ = {
			isa = XCBuildConfiguration;
			buildSettings = {
				ASSETCATALOG_COMPILER_APPICON_NAME = AppIcon;
				ASSETCATALOG_COMPILER_GLOBAL_ACCENT_COLOR_NAME = AccentColor;
				CODE_SIGN_STYLE = Automatic;
				CURRENT_PROJECT_VERSION = 1;
				ENABLE_PREVIEWS = YES;
				GENERATE_INFOPLIST_FILE = YES;
				INFOPLIST_KEY_UIApplicationSceneManifest_Generation = YES;
				INFOPLIST_KEY_UIApplicationSupportsIndirectInputEvents = YES;
				INFOPLIST_KEY_UILaunchScreen_Generation = YES;
				INFOPLIST_KEY_UISupportedInterfaceOrientations_iPad = "UIInterfaceOrientationPortrait UIInterfaceOrientationPortraitUpsideDown UIInterfaceOrientationLandscapeLeft UIInterfaceOrientationLandscapeRight";
				INFOPLIST_KEY_UISupportedInterfaceOrientations_iPhone = "UIInterfaceOrientationPortrait UIInterfaceOrientationLandscapeLeft UIInterfaceOrientationLandscapeRight";
				LD_RUNPATH_SEARCH_PATHS = (
					"$(inherited)",
					"@executable_path/Frameworks",
				);
				MARKETING_VERSION = 1.0;
				PRODUCT_BUNDLE_IDENTIFIER = com.nawazishabbas.SwiftwithSwiftUI;
				PRODUCT_NAME = "$(TARGET_NAME)";
				SWIFT_EMIT_LOC_STRINGS = YES;
				SWIFT_VERSION = 5.0;
				TARGETED_DEVICE_FAMILY = "1,2";
			};
			name = Debug;
		};
		6D71586C2F61D8F70062636B /* Release */ = {
			isa = XCBuildConfiguration;
			buildSettings = {
				ASSETCATALOG_COMPILER_APPICON_NAME = AppIcon;
				ASSETCATALOG_COMPILER_GLOBAL_ACCENT_COLOR_NAME = AccentColor;
				CODE_SIGN_STYLE = Automatic;
				CURRENT_PROJECT_VERSION = 1;
				ENABLE_PREVIEWS = YES;
				GENERATE_INFOPLIST_FILE = YES;
				INFOPLIST_KEY_UIApplicationSceneManifest_Generation = YES;
				INFOPLIST_KEY_UIApplicationSupportsIndirectInputEvents = YES;
				INFOPLIST_KEY_UILaunchScreen_Generation = YES;
				INFOPLIST_KEY_UISupportedInterfaceOrientations_iPad = "UIInterfaceOrientationPortrait UIInterfaceOrientationPortraitUpsideDown UIInterfaceOrientationLandscapeLeft UIInterfaceOrientationLandscapeRight";
				INFOPLIST_KEY_UISupportedInterfaceOrientations_iPhone = "UIInterfaceOrientationPortrait UIInterfaceOrientationLandscapeLeft UIInterfaceOrientationLandscapeRight";
				LD_RUNPATH_SEARCH_PATHS = (
					"$(inherited)",
					"@executable_path/Frameworks",
				);
				MARKETING_VERSION = 1.0;
				PRODUCT_BUNDLE_IDENTIFIER = com.nawazishabbas.SwiftwithSwiftUI;
				PRODUCT_NAME = "$(TARGET_NAME)";
				SWIFT_EMIT_LOC_STRINGS = YES;
				SWIFT_VERSION = 5.0;
				TARGETED_DEVICE_FAMILY = "1,2";
			};
			name = Release;
		};
		6D71586E2F61D8F70062636B /* Debug */ = {
			isa = XCBuildConfiguration;
			buildSettings = {
				BUNDLE_LOADER = "$(TEST_HOST)";
				CODE_SIGN_STYLE = Automatic;
				CURRENT_PROJECT_VERSION = 1;
				GENERATE_INFOPLIST_FILE = YES;
				IPHONEOS_DEPLOYMENT_TARGET = 18.5;
				MARKETING_VERSION = 1.0;
				PRODUCT_BUNDLE_IDENTIFIER = com.nawazishabbas.SwiftwithSwiftUITests;
				PRODUCT_NAME = "$(TARGET_NAME)";
				SWIFT_EMIT_LOC_STRINGS = NO;
				SWIFT_VERSION = 5.0;
				TARGETED_DEVICE_FAMILY = "1,2";
				TEST_HOST = "$(BUILT_PRODUCTS_DIR)/SwiftwithSwiftUI.app/$(BUNDLE_EXECUTABLE_FOLDER_PATH)/SwiftwithSwiftUI";
			};
			name = Debug;
		};
		6D71586F2F61D8F70062636B /* Release */ = {
			isa = XCBuildConfiguration;
			buildSettings = {
				BUNDLE_LOADER = "$(TEST_HOST)";
				CODE_SIGN_STYLE = Automatic;
				CURRENT_PROJECT_VERSION = 1;
				GENERATE_INFOPLIST_FILE = YES;
				IPHONEOS_DEPLOYMENT_TARGET = 18.5;
				MARKETING_VERSION = 1.0;
				PRODUCT_BUNDLE_IDENTIFIER = com.nawazishabbas.SwiftwithSwiftUITests;
				PRODUCT_NAME = "$(TARGET_NAME)";
				SWIFT_EMIT_LOC_STRINGS = NO;
				SWIFT_VERSION = 5.0;
				TARGETED_DEVICE_FAMILY = "1,2";
				TEST_HOST = "$(BUILT_PRODUCTS_DIR)/SwiftwithSwiftUI.app/$(BUNDLE_EXECUTABLE_FOLDER_PATH)/SwiftwithSwiftUI";
			};
			name = Release;
		};
		6D7158712F61D8F70062636B /* Debug */ = {
			isa = XCBuildConfiguration;
			buildSettings = {
				CODE_SIGN_STYLE = Automatic;
				CURRENT_PROJECT_VERSION = 1;
				GENERATE_INFOPLIST_FILE = YES;
				MARKETING_VERSION = 1.0;
				PRODUCT_BUNDLE_IDENTIFIER = com.nawazishabbas.SwiftwithSwiftUIUITests;
				PRODUCT_NAME = "$(TARGET_NAME)";
				SWIFT_EMIT_LOC_STRINGS = NO;
				SWIFT_VERSION = 5.0;
				TARGETED_DEVICE_FAMILY = "1,2";
				TEST_TARGET_NAME = SwiftwithSwiftUI;
			};
			name = Debug;
		};
		6D7158722F61D8F70062636B /* Release */ = {
			isa = XCBuildConfiguration;
			buildSettings = {
				CODE_SIGN_STYLE = Automatic;
				CURRENT_PROJECT_VERSION = 1;
				GENERATE_INFOPLIST_FILE = YES;
				MARKETING_VERSION = 1.0;
				PRODUCT_BUNDLE_IDENTIFIER = com.nawazishabbas.SwiftwithSwiftUIUITests;
				PRODUCT_NAME = "$(TARGET_NAME)";
				SWIFT_EMIT_LOC_STRINGS = NO;
				SWIFT_VERSION = 5.0;
				TARGETED_DEVICE_FAMILY = "1,2";
				TEST_TARGET_NAME = SwiftwithSwiftUI;
			};
			name = Release;
		};
/* End XCBuildConfiguration section */

/* Begin XCConfigurationList section */
		6D7158422F61D8F50062636B /* Build configuration list for PBXProject "SwiftwithSwiftUI" */ = {
			isa = XCConfigurationList;
			buildConfigurations = (
				6D7158682F61D8F70062636B /* Debug */,
				6D7158692F61D8F70062636B /* Release */,
			);
			defaultConfigurationIsVisible = 0;
			defaultConfigurationName = Release;
		};
		6D71586A2F61D8F70062636B /* Build configuration list for PBXNativeTarget "SwiftwithSwiftUI" */ = {
			isa = XCConfigurationList;
			buildConfigurations = (
				6D71586B2F61D8F70062636B /* Debug */,
				6D71586C2F61D8F70062636B /* Release */,
			);
			defaultConfigurationIsVisible = 0;
			defaultConfigurationName = Release;
		};
		6D71586D2F61D8F70062636B /* Build configuration list for PBXNativeTarget "SwiftwithSwiftUITests" */ = {
			isa = XCConfigurationList;
			buildConfigurations = (
				6D71586E2F61D8F70062636B /* Debug */,
				6D71586F2F61D8F70062636B /* Release */,
			);
			defaultConfigurationIsVisible = 0;
			defaultConfigurationName = Release;
		};
		6D7158702F61D8F70062636B /* Build configuration list for PBXNativeTarget "SwiftwithSwiftUIUITests" */ = {
			isa = XCConfigurationList;
			buildConfigurations = (
				6D7158712F61D8F70062636B /* Debug */,
				6D7158722F61D8F70062636B /* Release */,
			);
			defaultConfigurationIsVisible = 0;
			defaultConfigurationName = Release;
		};
/* End XCConfigurationList section */
	};
	rootObject = 6D71583F2F61D8F50062636B /* Project object */;
}
